// !$*UTF8*$!
{
	archiveVersion = 1;
	classes = {
	};
	objectVersion = 50;
	objects = {

/* Begin PBXBuildFile section */
		F68BC86421950F930073125F /* AppDelegate.swift in Sources */ = {isa = PBXBuildFile; fileRef = F68BC86321950F930073125F /* AppDelegate.swift */; };
		F68BC86621950F930073125F /* ViewController.swift in Sources */ = {isa = PBXBuildFile; fileRef = F68BC86521950F930073125F /* ViewController.swift */; };
		F68BC86921950F940073125F /* Main.storyboard in Resources */ = {isa = PBXBuildFile; fileRef = F68BC86721950F940073125F /* Main.storyboard */; };
		F68BC86B21950FA30073125F /* Assets.xcassets in Resources */ = {isa = PBXBuildFile; fileRef = F68BC86A21950FA30073125F /* Assets.xcassets */; };
		F68BC86E21950FA30073125F /* LaunchScreen.storyboard in Resources */ = {isa = PBXBuildFile; fileRef = F68BC86C21950FA30073125F /* LaunchScreen.storyboard */; };
		F68BC876219514AE0073125F /* splashGear.png in Resources */ = {isa = PBXBuildFile; fileRef = F68BC875219514AE0073125F /* splashGear.png */; };
		F68BC87C21951BF30073125F /* GoogleMaps.framework in Frameworks */ = {isa = PBXBuildFile; fileRef = F68BC87921951BED0073125F /* GoogleMaps.framework */; };
		F68BC87D21951BF30073125F /* GoogleMapsCore.framework in Frameworks */ = {isa = PBXBuildFile; fileRef = F68BC87A21951BF10073125F /* GoogleMapsCore.framework */; };
		F68BC87E21951BF30073125F /* GoogleMapsBase.framework in Frameworks */ = {isa = PBXBuildFile; fileRef = F68BC87B21951BF30073125F /* GoogleMapsBase.framework */; };
		F68BC88021951C3D0073125F /* GoogleMaps.bundle in Resources */ = {isa = PBXBuildFile; fileRef = F68BC87F21951C3D0073125F /* GoogleMaps.bundle */; };
		F68BC88321951CD50073125F /* Accelerate.framework in Frameworks */ = {isa = PBXBuildFile; fileRef = F68BC88221951CD50073125F /* Accelerate.framework */; };
		F68BC88521951CE00073125F /* CoreData.framework in Frameworks */ = {isa = PBXBuildFile; fileRef = F68BC88421951CE00073125F /* CoreData.framework */; };
		F68BC88721951CE90073125F /* CoreGraphics.framework in Frameworks */ = {isa = PBXBuildFile; fileRef = F68BC88621951CE90073125F /* CoreGraphics.framework */; };
		F68BC88921951CF30073125F /* CoreImage.framework in Frameworks */ = {isa = PBXBuildFile; fileRef = F68BC88821951CF30073125F /* CoreImage.framework */; };
		F68BC88B21951CFA0073125F /* CoreLocation.framework in Frameworks */ = {isa = PBXBuildFile; fileRef = F68BC88A21951CFA0073125F /* CoreLocation.framework */; };
		F68BC88D21951D010073125F /* CoreTelephony.framework in Frameworks */ = {isa = PBXBuildFile; fileRef = F68BC88C21951D010073125F /* CoreTelephony.framework */; };
		F68BC88F21951D090073125F /* GLKit.framework in Frameworks */ = {isa = PBXBuildFile; fileRef = F68BC88E21951D080073125F /* GLKit.framework */; };
		F68BC89121951D140073125F /* ImageIO.framework in Frameworks */ = {isa = PBXBuildFile; fileRef = F68BC89021951D140073125F /* ImageIO.framework */; };
		F68BC89321951D270073125F /* libc++.tbd in Frameworks */ = {isa = PBXBuildFile; fileRef = F68BC89221951D260073125F /* libc++.tbd */; };
		F68BC89521951D2F0073125F /* libz.tbd in Frameworks */ = {isa = PBXBuildFile; fileRef = F68BC89421951D2F0073125F /* libz.tbd */; };
		F68BC89721951D370073125F /* OpenGLES.framework in Frameworks */ = {isa = PBXBuildFile; fileRef = F68BC89621951D370073125F /* OpenGLES.framework */; };
		F68BC89921951D3F0073125F /* QuartzCore.framework in Frameworks */ = {isa = PBXBuildFile; fileRef = F68BC89821951D3F0073125F /* QuartzCore.framework */; };
		F68BC89B21951D470073125F /* SystemConfiguration.framework in Frameworks */ = {isa = PBXBuildFile; fileRef = F68BC89A21951D470073125F /* SystemConfiguration.framework */; };
		F68BC89D21951D4F0073125F /* UIKit.framework in Frameworks */ = {isa = PBXBuildFile; fileRef = F68BC89C21951D4E0073125F /* UIKit.framework */; };
/* End PBXBuildFile section */

/* Begin PBXFileReference section */
		F68BC86021950F930073125F /* iCycle.app */ = {isa = PBXFileReference; explicitFileType = wrapper.application; includeInIndex = 0; path = iCycle.app; sourceTree = BUILT_PRODUCTS_DIR; };
		F68BC86321950F930073125F /* AppDelegate.swift */ = {isa = PBXFileReference; lastKnownFileType = sourcecode.swift; path = AppDelegate.swift; sourceTree = "<group>"; };
		F68BC86521950F930073125F /* ViewController.swift */ = {isa = PBXFileReference; lastKnownFileType = sourcecode.swift; path = ViewController.swift; sourceTree = "<group>"; };
		F68BC86821950F940073125F /* Base */ = {isa = PBXFileReference; lastKnownFileType = file.storyboard; name = Base; path = Base.lproj/Main.storyboard; sourceTree = "<group>"; };
		F68BC86A21950FA30073125F /* Assets.xcassets */ = {isa = PBXFileReference; lastKnownFileType = folder.assetcatalog; path = Assets.xcassets; sourceTree = "<group>"; };
		F68BC86D21950FA30073125F /* Base */ = {isa = PBXFileReference; lastKnownFileType = file.storyboard; name = Base; path = Base.lproj/LaunchScreen.storyboard; sourceTree = "<group>"; };
		F68BC86F21950FA30073125F /* Info.plist */ = {isa = PBXFileReference; lastKnownFileType = text.plist.xml; path = Info.plist; sourceTree = "<group>"; };
		F68BC875219514AE0073125F /* splashGear.png */ = {isa = PBXFileReference; lastKnownFileType = image.png; path = splashGear.png; sourceTree = "<group>"; };
		F68BC87921951BED0073125F /* GoogleMaps.framework */ = {isa = PBXFileReference; lastKnownFileType = wrapper.framework; path = GoogleMaps.framework; sourceTree = "<group>"; };
		F68BC87A21951BF10073125F /* GoogleMapsCore.framework */ = {isa = PBXFileReference; lastKnownFileType = wrapper.framework; path = GoogleMapsCore.framework; sourceTree = "<group>"; };
		F68BC87B21951BF30073125F /* GoogleMapsBase.framework */ = {isa = PBXFileReference; lastKnownFileType = wrapper.framework; path = GoogleMapsBase.framework; sourceTree = "<group>"; };
		F68BC87F21951C3D0073125F /* GoogleMaps.bundle */ = {isa = PBXFileReference; lastKnownFileType = "wrapper.plug-in"; name = GoogleMaps.bundle; path = GoogleMaps.framework/Resources/GoogleMaps.bundle; sourceTree = SOURCE_ROOT; };
		F68BC88221951CD50073125F /* Accelerate.framework */ = {isa = PBXFileReference; lastKnownFileType = wrapper.framework; name = Accelerate.framework; path = System/Library/Frameworks/Accelerate.framework; sourceTree = SDKROOT; };
		F68BC88421951CE00073125F /* CoreData.framework */ = {isa = PBXFileReference; lastKnownFileType = wrapper.framework; name = CoreData.framework; path = System/Library/Frameworks/CoreData.framework; sourceTree = SDKROOT; };
		F68BC88621951CE90073125F /* CoreGraphics.framework */ = {isa = PBXFileReference; lastKnownFileType = wrapper.framework; name = CoreGraphics.framework; path = System/Library/Frameworks/CoreGraphics.framework; sourceTree = SDKROOT; };
		F68BC88821951CF30073125F /* CoreImage.framework */ = {isa = PBXFileReference; lastKnownFileType = wrapper.framework; name = CoreImage.framework; path = System/Library/Frameworks/CoreImage.framework; sourceTree = SDKROOT; };
		F68BC88A21951CFA0073125F /* CoreLocation.framework */ = {isa = PBXFileReference; lastKnownFileType = wrapper.framework; name = CoreLocation.framework; path = System/Library/Frameworks/CoreLocation.framework; sourceTree = SDKROOT; };
		F68BC88C21951D010073125F /* CoreTelephony.framework */ = {isa = PBXFileReference; lastKnownFileType = wrapper.framework; name = CoreTelephony.framework; path = System/Library/Frameworks/CoreTelephony.framework; sourceTree = SDKROOT; };
		F68BC88E21951D080073125F /* GLKit.framework */ = {isa = PBXFileReference; lastKnownFileType = wrapper.framework; name = GLKit.framework; path = System/Library/Frameworks/GLKit.framework; sourceTree = SDKROOT; };
		F68BC89021951D140073125F /* ImageIO.framework */ = {isa = PBXFileReference; lastKnownFileType = wrapper.framework; name = ImageIO.framework; path = System/Library/Frameworks/ImageIO.framework; sourceTree = SDKROOT; };
		F68BC89221951D260073125F /* libc++.tbd */ = {isa = PBXFileReference; lastKnownFileType = "sourcecode.text-based-dylib-definition"; name = "libc++.tbd"; path = "usr/lib/libc++.tbd"; sourceTree = SDKROOT; };
		F68BC89421951D2F0073125F /* libz.tbd */ = {isa = PBXFileReference; lastKnownFileType = "sourcecode.text-based-dylib-definition"; name = libz.tbd; path = usr/lib/libz.tbd; sourceTree = SDKROOT; };
		F68BC89621951D370073125F /* OpenGLES.framework */ = {isa = PBXFileReference; lastKnownFileType = wrapper.framework; name = OpenGLES.framework; path = System/Library/Frameworks/OpenGLES.framework; sourceTree = SDKROOT; };
		F68BC89821951D3F0073125F /* QuartzCore.framework */ = {isa = PBXFileReference; lastKnownFileType = wrapper.framework; name = QuartzCore.framework; path = System/Library/Frameworks/QuartzCore.framework; sourceTree = SDKROOT; };
		F68BC89A21951D470073125F /* SystemConfiguration.framework */ = {isa = PBXFileReference; lastKnownFileType = wrapper.framework; name = SystemConfiguration.framework; path = System/Library/Frameworks/SystemConfiguration.framework; sourceTree = SDKROOT; };
		F68BC89C21951D4E0073125F /* UIKit.framework */ = {isa = PBXFileReference; lastKnownFileType = wrapper.framework; name = UIKit.framework; path = System/Library/Frameworks/UIKit.framework; sourceTree = SDKROOT; };
/* End PBXFileReference section */

/* Begin PBXFrameworksBuildPhase section */
		F68BC85D21950F930073125F /* Frameworks */ = {
			isa = PBXFrameworksBuildPhase;
			buildActionMask = 2147483647;
			files = (
				F68BC89D21951D4F0073125F /* UIKit.framework in Frameworks */,
				F68BC89B21951D470073125F /* SystemConfiguration.framework in Frameworks */,
				F68BC89921951D3F0073125F /* QuartzCore.framework in Frameworks */,
				F68BC89721951D370073125F /* OpenGLES.framework in Frameworks */,
				F68BC89521951D2F0073125F /* libz.tbd in Frameworks */,
				F68BC89321951D270073125F /* libc++.tbd in Frameworks */,
				F68BC89121951D140073125F /* ImageIO.framework in Frameworks */,
				F68BC88F21951D090073125F /* GLKit.framework in Frameworks */,
				F68BC88D21951D010073125F /* CoreTelephony.framework in Frameworks */,
				F68BC88B21951CFA0073125F /* CoreLocation.framework in Frameworks */,
				F68BC88921951CF30073125F /* CoreImage.framework in Frameworks */,
				F68BC88721951CE90073125F /* CoreGraphics.framework in Frameworks */,
				F68BC88521951CE00073125F /* CoreData.framework in Frameworks */,
				F68BC88321951CD50073125F /* Accelerate.framework in Frameworks */,
				F68BC87E21951BF30073125F /* GoogleMapsBase.framework in Frameworks */,
				F68BC87C21951BF30073125F /* GoogleMaps.framework in Frameworks */,
				F68BC87D21951BF30073125F /* GoogleMapsCore.framework in Frameworks */,
			);
			runOnlyForDeploymentPostprocessing = 0;
		};
/* End PBXFrameworksBuildPhase section */

/* Begin PBXGroup section */
		F68BC85721950F930073125F = {
			isa = PBXGroup;
			children = (
				F68BC875219514AE0073125F /* splashGear.png */,
				F68BC86221950F930073125F /* iCycle */,
				F68BC86121950F930073125F /* Products */,
				F68BC87921951BED0073125F /* GoogleMaps.framework */,
				F68BC87B21951BF30073125F /* GoogleMapsBase.framework */,
				F68BC87A21951BF10073125F /* GoogleMapsCore.framework */,
				F68BC88121951CD50073125F /* Frameworks */,
			);
			sourceTree = "<group>";
		};
		F68BC86121950F930073125F /* Products */ = {
			isa = PBXGroup;
			children = (
				F68BC86021950F930073125F /* iCycle.app */,
			);
			name = Products;
			sourceTree = "<group>";
		};
		F68BC86221950F930073125F /* iCycle */ = {
			isa = PBXGroup;
			children = (
				F68BC86321950F930073125F /* AppDelegate.swift */,
				F68BC86521950F930073125F /* ViewController.swift */,
				F68BC86721950F940073125F /* Main.storyboard */,
				F68BC86A21950FA30073125F /* Assets.xcassets */,
				F68BC86C21950FA30073125F /* LaunchScreen.storyboard */,
				F68BC86F21950FA30073125F /* Info.plist */,
				F68BC87F21951C3D0073125F /* GoogleMaps.bundle */,
			);
			path = iCycle;
			sourceTree = "<group>";
		};
		F68BC88121951CD50073125F /* Frameworks */ = {
			isa = PBXGroup;
			children = (
				F68BC89C21951D4E0073125F /* UIKit.framework */,
				F68BC89A21951D470073125F /* SystemConfiguration.framework */,
				F68BC89821951D3F0073125F /* QuartzCore.framework */,
				F68BC89621951D370073125F /* OpenGLES.framework */,
				F68BC89421951D2F0073125F /* libz.tbd */,
				F68BC89221951D260073125F /* libc++.tbd */,
				F68BC89021951D140073125F /* ImageIO.framework */,
				F68BC88E21951D080073125F /* GLKit.framework */,
				F68BC88C21951D010073125F /* CoreTelephony.framework */,
				F68BC88A21951CFA0073125F /* CoreLocation.framework */,
				F68BC88821951CF30073125F /* CoreImage.framework */,
				F68BC88621951CE90073125F /* CoreGraphics.framework */,
				F68BC88421951CE00073125F /* CoreData.framework */,
				F68BC88221951CD50073125F /* Accelerate.framework */,
			);
			name = Frameworks;
			sourceTree = "<group>";
		};
/* End PBXGroup section */

/* Begin PBXNativeTarget section */
		F68BC85F21950F930073125F /* iCycle */ = {
			isa = PBXNativeTarget;
			buildConfigurationList = F68BC87221950FA30073125F /* Build configuration list for PBXNativeTarget "iCycle" */;
			buildPhases = (
				F68BC85C21950F930073125F /* Sources */,
				F68BC85D21950F930073125F /* Frameworks */,
				F68BC85E21950F930073125F /* Resources */,
			);
			buildRules = (
			);
			dependencies = (
			);
			name = iCycle;
			productName = iCycle;
			productReference = F68BC86021950F930073125F /* iCycle.app */;
			productType = "com.apple.product-type.application";
		};
/* End PBXNativeTarget section */

/* Begin PBXProject section */
		F68BC85821950F930073125F /* Project object */ = {
			isa = PBXProject;
			attributes = {
				LastSwiftUpdateCheck = 1000;
				LastUpgradeCheck = 1000;
				ORGANIZATIONNAME = "Valentyna Akulova";
				TargetAttributes = {
					F68BC85F21950F930073125F = {
						CreatedOnToolsVersion = 10.0;
					};
				};
			};
			buildConfigurationList = F68BC85B21950F930073125F /* Build configuration list for PBXProject "iCycle" */;
			compatibilityVersion = "Xcode 9.3";
			developmentRegion = en;
			hasScannedForEncodings = 0;
			knownRegions = (
				en,
				Base,
			);
			mainGroup = F68BC85721950F930073125F;
			productRefGroup = F68BC86121950F930073125F /* Products */;
			projectDirPath = "";
			projectRoot = "";
			targets = (
				F68BC85F21950F930073125F /* iCycle */,
			);
		};
/* End PBXProject section */

/* Begin PBXResourcesBuildPhase section */
		F68BC85E21950F930073125F /* Resources */ = {
			isa = PBXResourcesBuildPhase;
			buildActionMask = 2147483647;
			files = (
				F68BC86E21950FA30073125F /* LaunchScreen.storyboard in Resources */,
				F68BC86B21950FA30073125F /* Assets.xcassets in Resources */,
				F68BC86921950F940073125F /* Main.storyboard in Resources */,
				F68BC876219514AE0073125F /* splashGear.png in Resources */,
				F68BC88021951C3D0073125F /* GoogleMaps.bundle in Resources */,
			);
			runOnlyForDeploymentPostprocessing = 0;
		};
/* End PBXResourcesBuildPhase section */

/* Begin PBXSourcesBuildPhase section */
		F68BC85C21950F930073125F /* Sources */ = {
			isa = PBXSourcesBuildPhase;
			buildActionMask = 2147483647;
			files = (
				F68BC86621950F930073125F /* ViewController.swift in Sources */,
				F68BC86421950F930073125F /* AppDelegate.swift in Sources */,
			);
			runOnlyForDeploymentPostprocessing = 0;
		};
/* End PBXSourcesBuildPhase section */

/* Begin PBXVariantGroup section */
		F68BC86721950F940073125F /* Main.storyboard */ = {
			isa = PBXVariantGroup;
			children = (
				F68BC86821950F940073125F /* Base */,
			);
			name = Main.storyboard;
			sourceTree = "<group>";
		};
		F68BC86C21950FA30073125F /* LaunchScreen.storyboard */ = {
			isa = PBXVariantGroup;
			children = (
				F68BC86D21950FA30073125F /* Base */,
			);
			name = LaunchScreen.storyboard;
			sourceTree = "<group>";
		};
/* End PBXVariantGroup section */

/* Begin XCBuildConfiguration section */
		F68BC87021950FA30073125F /* Debug */ = {
			isa = XCBuildConfiguration;
			buildSettings = {
				ALWAYS_SEARCH_USER_PATHS = NO;
				CLANG_ANALYZER_NONNULL = YES;
				CLANG_ANALYZER_NUMBER_OBJECT_CONVERSION = YES_AGGRESSIVE;
				CLANG_CXX_LANGUAGE_STANDARD = "gnu++14";
				CLANG_CXX_LIBRARY = "libc++";
				CLANG_ENABLE_MODULES = YES;
				CLANG_ENABLE_OBJC_ARC = YES;
				CLANG_ENABLE_OBJC_WEAK = YES;
				CLANG_WARN_BLOCK_CAPTURE_AUTORELEASING = YES;
				CLANG_WARN_BOOL_CONVERSION = YES;
				CLANG_WARN_COMMA = YES;
				CLANG_WARN_CONSTANT_CONVERSION = YES;
				CLANG_WARN_DEPRECATED_OBJC_IMPLEMENTATIONS = YES;
				CLANG_WARN_DIRECT_OBJC_ISA_USAGE = YES_ERROR;
				CLANG_WARN_DOCUMENTATION_COMMENTS = YES;
				CLANG_WARN_EMPTY_BODY = YES;
				CLANG_WARN_ENUM_CONVERSION = YES;
				CLANG_WARN_INFINITE_RECURSION = YES;
				CLANG_WARN_INT_CONVERSION = YES;
				CLANG_WARN_NON_LITERAL_NULL_CONVERSION = YES;
				CLANG_WARN_OBJC_IMPLICIT_RETAIN_SELF = YES;
				CLANG_WARN_OBJC_LITERAL_CONVERSION = YES;
				CLANG_WARN_OBJC_ROOT_CLASS = YES_ERROR;
				CLANG_WARN_RANGE_LOOP_ANALYSIS = YES;
				CLANG_WARN_STRICT_PROTOTYPES = YES;
				CLANG_WARN_SUSPICIOUS_MOVE = YES;
				CLANG_WARN_UNGUARDED_AVAILABILITY = YES_AGGRESSIVE;
				CLANG_WARN_UNREACHABLE_CODE = YES;
				CLANG_WARN__DUPLICATE_METHOD_MATCH = YES;
				CODE_SIGN_IDENTITY = "iPhone Developer";
				COPY_PHASE_STRIP = NO;
				DEBUG_INFORMATION_FORMAT = dwarf;
				ENABLE_STRICT_OBJC_MSGSEND = YES;
				ENABLE_TESTABILITY = YES;
				GCC_C_LANGUAGE_STANDARD = gnu11;
				GCC_DYNAMIC_NO_PIC = NO;
				GCC_NO_COMMON_BLOCKS = YES;
				GCC_OPTIMIZATION_LEVEL = 0;
				GCC_PREPROCESSOR_DEFINITIONS = (
					"DEBUG=1",
					"$(inherited)",
				);
				GCC_WARN_64_TO_32_BIT_CONVERSION = YES;
				GCC_WARN_ABOUT_RETURN_TYPE = YES_ERROR;
				GCC_WARN_UNDECLARED_SELECTOR = YES;
				GCC_WARN_UNINITIALIZED_AUTOS = YES_AGGRESSIVE;
				GCC_WARN_UNUSED_FUNCTION = YES;
				GCC_WARN_UNUSED_VARIABLE = YES;
				IPHONEOS_DEPLOYMENT_TARGET = 12.0;
				MTL_ENABLE_DEBUG_INFO = INCLUDE_SOURCE;
				MTL_FAST_MATH = YES;
				ONLY_ACTIVE_ARCH = YES;
				SDKROOT = iphoneos;
				SWIFT_ACTIVE_COMPILATION_CONDITIONS = DEBUG;
				SWIFT_OPTIMIZATION_LEVEL = "-Onone";
			};
			name = Debug;
		};
		F68BC87121950FA30073125F /* Release */ = {
			isa = XCBuildConfiguration;
			buildSettings = {
				ALWAYS_SEARCH_USER_PATHS = NO;
				CLANG_ANALYZER_NONNULL = YES;
				CLANG_ANALYZER_NUMBER_OBJECT_CONVERSION = YES_AGGRESSIVE;
				CLANG_CXX_LANGUAGE_STANDARD = "gnu++14";
				CLANG_CXX_LIBRARY = "libc++";
				CLANG_ENABLE_MODULES = YES;
				CLANG_ENABLE_OBJC_ARC = YES;
				CLANG_ENABLE_OBJC_WEAK = YES;
				CLANG_WARN_BLOCK_CAPTURE_AUTORELEASING = YES;
				CLANG_WARN_BOOL_CONVERSION = YES;
				CLANG_WARN_COMMA = YES;
				CLANG_WARN_CONSTANT_CONVERSION = YES;
				CLANG_WARN_DEPRECATED_OBJC_IMPLEMENTATIONS = YES;
				CLANG_WARN_DIRECT_OBJC_ISA_USAGE = YES_ERROR;
				CLANG_WARN_DOCUMENTATION_COMMENTS = YES;
				CLANG_WARN_EMPTY_BODY = YES;
				CLANG_WARN_ENUM_CONVERSION = YES;
				CLANG_WARN_INFINITE_RECURSION = YES;
				CLANG_WARN_INT_CONVERSION = YES;
				CLANG_WARN_NON_LITERAL_NULL_CONVERSION = YES;
				CLANG_WARN_OBJC_IMPLICIT_RETAIN_SELF = YES;
				CLANG_WARN_OBJC_LITERAL_CONVERSION = YES;
				CLANG_WARN_OBJC_ROOT_CLASS = YES_ERROR;
				CLANG_WARN_RANGE_LOOP_ANALYSIS = YES;
				CLANG_WARN_STRICT_PROTOTYPES = YES;
				CLANG_WARN_SUSPICIOUS_MOVE = YES;
				CLANG_WARN_UNGUARDED_AVAILABILITY = YES_AGGRESSIVE;
				CLANG_WARN_UNREACHABLE_CODE = YES;
				CLANG_WARN__DUPLICATE_METHOD_MATCH = YES;
				CODE_SIGN_IDENTITY = "iPhone Developer";
				COPY_PHASE_STRIP = NO;
				DEBUG_INFORMATION_FORMAT = "dwarf-with-dsym";
				ENABLE_NS_ASSERTIONS = NO;
				ENABLE_STRICT_OBJC_MSGSEND = YES;
				GCC_C_LANGUAGE_STANDARD = gnu11;
				GCC_NO_COMMON_BLOCKS = YES;
				GCC_WARN_64_TO_32_BIT_CONVERSION = YES;
				GCC_WARN_ABOUT_RETURN_TYPE = YES_ERROR;
				GCC_WARN_UNDECLARED_SELECTOR = YES;
				GCC_WARN_UNINITIALIZED_AUTOS = YES_AGGRESSIVE;
				GCC_WARN_UNUSED_FUNCTION = YES;
				GCC_WARN_UNUSED_VARIABLE = YES;
				IPHONEOS_DEPLOYMENT_TARGET = 12.0;
				MTL_ENABLE_DEBUG_INFO = NO;
				MTL_FAST_MATH = YES;
				SDKROOT = iphoneos;
				SWIFT_COMPILATION_MODE = wholemodule;
				SWIFT_OPTIMIZATION_LEVEL = "-O";
				VALIDATE_PRODUCT = YES;
			};
			name = Release;
		};
		F68BC87321950FA30073125F /* Debug */ = {
			isa = XCBuildConfiguration;
			buildSettings = {
				ASSETCATALOG_COMPILER_APPICON_NAME = AppIcon;
				CODE_SIGN_STYLE = Automatic;
				DEVELOPMENT_TEAM = 6X5B26J782;
				FRAMEWORK_SEARCH_PATHS = (
					"$(inherited)",
					"$(PROJECT_DIR)",
				);
				INFOPLIST_FILE = iCycle/Info.plist;
				LD_RUNPATH_SEARCH_PATHS = (
					"$(inherited)",
					"@executable_path/Frameworks",
				);
				PRODUCT_BUNDLE_IDENTIFIER = ca.uregina.455.akulova.iCycle;
				PRODUCT_NAME = "$(TARGET_NAME)";
				SWIFT_VERSION = 4.2;
				TARGETED_DEVICE_FAMILY = "1,2";
			};
			name = Debug;
		};
		F68BC87421950FA30073125F /* Release */ = {
			isa = XCBuildConfiguration;
			buildSettings = {
				ASSETCATALOG_COMPILER_APPICON_NAME = AppIcon;
				CODE_SIGN_STYLE = Automatic;
				DEVELOPMENT_TEAM = 6X5B26J782;
				FRAMEWORK_SEARCH_PATHS = (
					"$(inherited)",
					"$(PROJECT_DIR)",
				);
				INFOPLIST_FILE = iCycle/Info.plist;
				LD_RUNPATH_SEARCH_PATHS = (
					"$(inherited)",
					"@executable_path/Frameworks",
				);
				PRODUCT_BUNDLE_IDENTIFIER = ca.uregina.455.akulova.iCycle;
				PRODUCT_NAME = "$(TARGET_NAME)";
				SWIFT_VERSION = 4.2;
				TARGETED_DEVICE_FAMILY = "1,2";
			};
			name = Release;
		};
/* End XCBuildConfiguration section */

/* Begin XCConfigurationList section */
		F68BC85B21950F930073125F /* Build configuration list for PBXProject "iCycle" */ = {
			isa = XCConfigurationList;
			buildConfigurations = (
				F68BC87021950FA30073125F /* Debug */,
				F68BC87121950FA30073125F /* Release */,
			);
			defaultConfigurationIsVisible = 0;
			defaultConfigurationName = Release;
		};
		F68BC87221950FA30073125F /* Build configuration list for PBXNativeTarget "iCycle" */ = {
			isa = XCConfigurationList;
			buildConfigurations = (
				F68BC87321950FA30073125F /* Debug */,
				F68BC87421950FA30073125F /* Release */,
			);
			defaultConfigurationIsVisible = 0;
			defaultConfigurationName = Release;
		};
/* End XCConfigurationList section */
	};
	rootObject = F68BC85821950F930073125F /* Project object */;
}
