// !$*UTF8*$!
{
	archiveVersion = 1;
	classes = {
	};
	objectVersion = 50;
	objects = {

/* Begin PBXBuildFile section */
		11EAF8A621B1FA8D004B9AF0 /* UrlBuilder.swift in Sources */ = {isa = PBXBuildFile; fileRef = 11EAF8A521B1FA8D004B9AF0 /* UrlBuilder.swift */; };
		21610C9621AE410200275419 /* SelectWaypointViewController.swift in Sources */ = {isa = PBXBuildFile; fileRef = 21610C9521AE410200275419 /* SelectWaypointViewController.swift */; };
		21610C9C21AE4B6C00275419 /* Node.swift in Sources */ = {isa = PBXBuildFile; fileRef = 21610C9B21AE4B6C00275419 /* Node.swift */; };
		2182BD62219A5BCB0024119C /* RouteTableViewCell.swift in Sources */ = {isa = PBXBuildFile; fileRef = 2182BD61219A5BCB0024119C /* RouteTableViewCell.swift */; };
		2182BD68219A71080024119C /* Route.swift in Sources */ = {isa = PBXBuildFile; fileRef = 2182BD67219A71080024119C /* Route.swift */; };
		2188323A21955D4600F7E9C5 /* ChameleonShorthand.swift in Sources */ = {isa = PBXBuildFile; fileRef = 2188323921955D4600F7E9C5 /* ChameleonShorthand.swift */; };
		2188323C21955E8C00F7E9C5 /* RouteTableViewController.swift in Sources */ = {isa = PBXBuildFile; fileRef = 2188323B21955E8C00F7E9C5 /* RouteTableViewController.swift */; };
		2188323E21955FEA00F7E9C5 /* RouteCreateViewController.swift in Sources */ = {isa = PBXBuildFile; fileRef = 2188323D21955FEA00F7E9C5 /* RouteCreateViewController.swift */; };
		2188329421958EFC00F7E9C5 /* SideMenuItemTableViewCell.swift in Sources */ = {isa = PBXBuildFile; fileRef = 2188329321958EFC00F7E9C5 /* SideMenuItemTableViewCell.swift */; };
		21A6987321B0BB4400E07322 /* SWRevealViewController.m in Sources */ = {isa = PBXBuildFile; fileRef = 21A6987221B0BB4400E07322 /* SWRevealViewController.m */; };
		21F416C221977D6700232FAD /* RouteDetailViewController.swift in Sources */ = {isa = PBXBuildFile; fileRef = 21F416C121977D6700232FAD /* RouteDetailViewController.swift */; };
		21F416C821977DA000232FAD /* ProfileViewController.swift in Sources */ = {isa = PBXBuildFile; fileRef = 21F416C721977DA000232FAD /* ProfileViewController.swift */; };
		21F416CC21977E1E00232FAD /* BilletTableViewController.swift in Sources */ = {isa = PBXBuildFile; fileRef = 21F416CB21977E1E00232FAD /* BilletTableViewController.swift */; };
		21F416CE21977E4200232FAD /* BilletDetailViewController.swift in Sources */ = {isa = PBXBuildFile; fileRef = 21F416CD21977E4200232FAD /* BilletDetailViewController.swift */; };
		21F416D021977E5E00232FAD /* BilletCreateViewController.swift in Sources */ = {isa = PBXBuildFile; fileRef = 21F416CF21977E5E00232FAD /* BilletCreateViewController.swift */; };
		21F416D221977F9700232FAD /* ProfilePhotoCollectionViewController.swift in Sources */ = {isa = PBXBuildFile; fileRef = 21F416D121977F9700232FAD /* ProfilePhotoCollectionViewController.swift */; };
		21F416DA2197C6F100232FAD /* NavMenuTableViewController.swift in Sources */ = {isa = PBXBuildFile; fileRef = 21F416D92197C6F100232FAD /* NavMenuTableViewController.swift */; };
		728706FFEB80DC3E9AE86595 /* Pods_iCycle.framework in Frameworks */ = {isa = PBXBuildFile; fileRef = 5187A9AE605887F2B732F01E /* Pods_iCycle.framework */; };
		B9912FEC21ACEE85001AEAD5 /* LoginViewController.swift in Sources */ = {isa = PBXBuildFile; fileRef = B9912FEB21ACEE85001AEAD5 /* LoginViewController.swift */; };
		B9912FF221ACEEA8001AEAD5 /* SignUpViewController.swift in Sources */ = {isa = PBXBuildFile; fileRef = B9912FF121ACEEA8001AEAD5 /* SignUpViewController.swift */; };
		F68BC86421950F930073125F /* AppDelegate.swift in Sources */ = {isa = PBXBuildFile; fileRef = F68BC86321950F930073125F /* AppDelegate.swift */; };
		F68BC86621950F930073125F /* MapViewController.swift in Sources */ = {isa = PBXBuildFile; fileRef = F68BC86521950F930073125F /* MapViewController.swift */; };
		F68BC86921950F940073125F /* Main.storyboard in Resources */ = {isa = PBXBuildFile; fileRef = F68BC86721950F940073125F /* Main.storyboard */; };
		F68BC86B21950FA30073125F /* Assets.xcassets in Resources */ = {isa = PBXBuildFile; fileRef = F68BC86A21950FA30073125F /* Assets.xcassets */; };
		F68BC86E21950FA30073125F /* LaunchScreen.storyboard in Resources */ = {isa = PBXBuildFile; fileRef = F68BC86C21950FA30073125F /* LaunchScreen.storyboard */; };
		F68BC876219514AE0073125F /* splashGear.png in Resources */ = {isa = PBXBuildFile; fileRef = F68BC875219514AE0073125F /* splashGear.png */; };
		F68BC88321951CD50073125F /* Accelerate.framework in Frameworks */ = {isa = PBXBuildFile; fileRef = F68BC88221951CD50073125F /* Accelerate.framework */; };
		F68BC88521951CE00073125F /* CoreData.framework in Frameworks */ = {isa = PBXBuildFile; fileRef = F68BC88421951CE00073125F /* CoreData.framework */; };
		F68BC88721951CE90073125F /* CoreGraphics.framework in Frameworks */ = {isa = PBXBuildFile; fileRef = F68BC88621951CE90073125F /* CoreGraphics.framework */; };
		F68BC88921951CF30073125F /* CoreImage.framework in Frameworks */ = {isa = PBXBuildFile; fileRef = F68BC88821951CF30073125F /* CoreImage.framework */; };
		F68BC88B21951CFA0073125F /* CoreLocation.framework in Frameworks */ = {isa = PBXBuildFile; fileRef = F68BC88A21951CFA0073125F /* CoreLocation.framework */; };
		F68BC88D21951D010073125F /* CoreTelephony.framework in Frameworks */ = {isa = PBXBuildFile; fileRef = F68BC88C21951D010073125F /* CoreTelephony.framework */; };
		F68BC88F21951D090073125F /* GLKit.framework in Frameworks */ = {isa = PBXBuildFile; fileRef = F68BC88E21951D080073125F /* GLKit.framework */; };
		F68BC89121951D140073125F /* ImageIO.framework in Frameworks */ = {isa = PBXBuildFile; fileRef = F68BC89021951D140073125F /* ImageIO.framework */; };
		F68BC89321951D270073125F /* libc++.tbd in Frameworks */ = {isa = PBXBuildFile; fileRef = F68BC89221951D260073125F /* libc++.tbd */; };
		F68BC89521951D2F0073125F /* libz.tbd in Frameworks */ = {isa = PBXBuildFile; fileRef = F68BC89421951D2F0073125F /* libz.tbd */; };
		F68BC89721951D370073125F /* OpenGLES.framework in Frameworks */ = {isa = PBXBuildFile; fileRef = F68BC89621951D370073125F /* OpenGLES.framework */; };
		F68BC89921951D3F0073125F /* QuartzCore.framework in Frameworks */ = {isa = PBXBuildFile; fileRef = F68BC89821951D3F0073125F /* QuartzCore.framework */; };
		F68BC89B21951D470073125F /* SystemConfiguration.framework in Frameworks */ = {isa = PBXBuildFile; fileRef = F68BC89A21951D470073125F /* SystemConfiguration.framework */; };
		F68BC89D21951D4F0073125F /* UIKit.framework in Frameworks */ = {isa = PBXBuildFile; fileRef = F68BC89C21951D4E0073125F /* UIKit.framework */; };
/* End PBXBuildFile section */

/* Begin PBXCopyFilesBuildPhase section */
		F69A581921977C7400070E26 /* Embed Frameworks */ = {
			isa = PBXCopyFilesBuildPhase;
			buildActionMask = 2147483647;
			dstPath = "";
			dstSubfolderSpec = 10;
			files = (
			);
			name = "Embed Frameworks";
			runOnlyForDeploymentPostprocessing = 0;
		};
/* End PBXCopyFilesBuildPhase section */

/* Begin PBXFileReference section */
		11EAF8A521B1FA8D004B9AF0 /* UrlBuilder.swift */ = {isa = PBXFileReference; lastKnownFileType = sourcecode.swift; path = UrlBuilder.swift; sourceTree = "<group>"; };
		21610C9521AE410200275419 /* SelectWaypointViewController.swift */ = {isa = PBXFileReference; lastKnownFileType = sourcecode.swift; path = SelectWaypointViewController.swift; sourceTree = "<group>"; };
		21610C9B21AE4B6C00275419 /* Node.swift */ = {isa = PBXFileReference; lastKnownFileType = sourcecode.swift; path = Node.swift; sourceTree = "<group>"; };
		2182BD61219A5BCB0024119C /* RouteTableViewCell.swift */ = {isa = PBXFileReference; lastKnownFileType = sourcecode.swift; name = RouteTableViewCell.swift; path = iCycle/Views/RouteTableViewCell.swift; sourceTree = SOURCE_ROOT; };
		2182BD67219A71080024119C /* Route.swift */ = {isa = PBXFileReference; lastKnownFileType = sourcecode.swift; name = Route.swift; path = iCycle/Models/Route.swift; sourceTree = SOURCE_ROOT; };
		2188323921955D4600F7E9C5 /* ChameleonShorthand.swift */ = {isa = PBXFileReference; lastKnownFileType = sourcecode.swift; name = ChameleonShorthand.swift; path = iCycle/Theme/ChameleonShorthand.swift; sourceTree = SOURCE_ROOT; };
		2188323B21955E8C00F7E9C5 /* RouteTableViewController.swift */ = {isa = PBXFileReference; lastKnownFileType = sourcecode.swift; name = RouteTableViewController.swift; path = iCycle/Controllers/RouteTableViewController.swift; sourceTree = SOURCE_ROOT; };
		2188323D21955FEA00F7E9C5 /* RouteCreateViewController.swift */ = {isa = PBXFileReference; lastKnownFileType = sourcecode.swift; name = RouteCreateViewController.swift; path = iCycle/Controllers/RouteCreateViewController.swift; sourceTree = SOURCE_ROOT; };
		2188329321958EFC00F7E9C5 /* SideMenuItemTableViewCell.swift */ = {isa = PBXFileReference; lastKnownFileType = sourcecode.swift; name = SideMenuItemTableViewCell.swift; path = iCycle/Views/SideMenuItemTableViewCell.swift; sourceTree = SOURCE_ROOT; };
		21A6987121B0BB4400E07322 /* SWRevealViewController.h */ = {isa = PBXFileReference; fileEncoding = 4; lastKnownFileType = sourcecode.c.h; path = SWRevealViewController.h; sourceTree = "<group>"; };
		21A6987221B0BB4400E07322 /* SWRevealViewController.m */ = {isa = PBXFileReference; fileEncoding = 4; lastKnownFileType = sourcecode.c.objc; path = SWRevealViewController.m; sourceTree = "<group>"; };
		21F416C121977D6700232FAD /* RouteDetailViewController.swift */ = {isa = PBXFileReference; lastKnownFileType = sourcecode.swift; name = RouteDetailViewController.swift; path = iCycle/Controllers/RouteDetailViewController.swift; sourceTree = SOURCE_ROOT; };
		21F416C721977DA000232FAD /* ProfileViewController.swift */ = {isa = PBXFileReference; lastKnownFileType = sourcecode.swift; name = ProfileViewController.swift; path = iCycle/Controllers/ProfileViewController.swift; sourceTree = SOURCE_ROOT; };
		21F416CB21977E1E00232FAD /* BilletTableViewController.swift */ = {isa = PBXFileReference; lastKnownFileType = sourcecode.swift; name = BilletTableViewController.swift; path = iCycle/Controllers/BilletTableViewController.swift; sourceTree = SOURCE_ROOT; };
		21F416CD21977E4200232FAD /* BilletDetailViewController.swift */ = {isa = PBXFileReference; lastKnownFileType = sourcecode.swift; name = BilletDetailViewController.swift; path = iCycle/Controllers/BilletDetailViewController.swift; sourceTree = SOURCE_ROOT; };
		21F416CF21977E5E00232FAD /* BilletCreateViewController.swift */ = {isa = PBXFileReference; lastKnownFileType = sourcecode.swift; name = BilletCreateViewController.swift; path = iCycle/Controllers/BilletCreateViewController.swift; sourceTree = SOURCE_ROOT; };
		21F416D121977F9700232FAD /* ProfilePhotoCollectionViewController.swift */ = {isa = PBXFileReference; lastKnownFileType = sourcecode.swift; name = ProfilePhotoCollectionViewController.swift; path = iCycle/Controllers/ProfilePhotoCollectionViewController.swift; sourceTree = SOURCE_ROOT; };
		21F416D321979AD400232FAD /* iCycle-Bridging-Header.h */ = {isa = PBXFileReference; lastKnownFileType = sourcecode.c.h; path = "iCycle-Bridging-Header.h"; sourceTree = "<group>"; };
		21F416D92197C6F100232FAD /* NavMenuTableViewController.swift */ = {isa = PBXFileReference; lastKnownFileType = sourcecode.swift; name = NavMenuTableViewController.swift; path = iCycle/Controllers/NavMenuTableViewController.swift; sourceTree = SOURCE_ROOT; };
		5187A9AE605887F2B732F01E /* Pods_iCycle.framework */ = {isa = PBXFileReference; explicitFileType = wrapper.framework; includeInIndex = 0; path = Pods_iCycle.framework; sourceTree = BUILT_PRODUCTS_DIR; };
		76B5BCA7786DFBEFBB501AA2 /* Pods-iCycle.release.xcconfig */ = {isa = PBXFileReference; includeInIndex = 1; lastKnownFileType = text.xcconfig; name = "Pods-iCycle.release.xcconfig"; path = "Pods/Target Support Files/Pods-iCycle/Pods-iCycle.release.xcconfig"; sourceTree = "<group>"; };
		AB3C99619A037E21847307F8 /* Pods-iCycle.debug.xcconfig */ = {isa = PBXFileReference; includeInIndex = 1; lastKnownFileType = text.xcconfig; name = "Pods-iCycle.debug.xcconfig"; path = "Pods/Target Support Files/Pods-iCycle/Pods-iCycle.debug.xcconfig"; sourceTree = "<group>"; };
		B9912FEB21ACEE85001AEAD5 /* LoginViewController.swift */ = {isa = PBXFileReference; lastKnownFileType = sourcecode.swift; path = LoginViewController.swift; sourceTree = "<group>"; };
		B9912FF121ACEEA8001AEAD5 /* SignUpViewController.swift */ = {isa = PBXFileReference; lastKnownFileType = sourcecode.swift; path = SignUpViewController.swift; sourceTree = "<group>"; };
		F68BC86021950F930073125F /* iCycle.app */ = {isa = PBXFileReference; explicitFileType = wrapper.application; includeInIndex = 0; path = iCycle.app; sourceTree = BUILT_PRODUCTS_DIR; };
		F68BC86321950F930073125F /* AppDelegate.swift */ = {isa = PBXFileReference; lastKnownFileType = sourcecode.swift; path = AppDelegate.swift; sourceTree = "<group>"; };
		F68BC86521950F930073125F /* MapViewController.swift */ = {isa = PBXFileReference; lastKnownFileType = sourcecode.swift; name = MapViewController.swift; path = iCycle/Controllers/MapViewController.swift; sourceTree = SOURCE_ROOT; };
		F68BC86821950F940073125F /* Base */ = {isa = PBXFileReference; lastKnownFileType = file.storyboard; name = Base; path = Base.lproj/Main.storyboard; sourceTree = "<group>"; };
		F68BC86A21950FA30073125F /* Assets.xcassets */ = {isa = PBXFileReference; lastKnownFileType = folder.assetcatalog; path = Assets.xcassets; sourceTree = "<group>"; };
		F68BC86D21950FA30073125F /* Base */ = {isa = PBXFileReference; lastKnownFileType = file.storyboard; name = Base; path = Base.lproj/LaunchScreen.storyboard; sourceTree = "<group>"; };
		F68BC86F21950FA30073125F /* Info.plist */ = {isa = PBXFileReference; lastKnownFileType = text.plist.xml; path = Info.plist; sourceTree = "<group>"; };
		F68BC875219514AE0073125F /* splashGear.png */ = {isa = PBXFileReference; lastKnownFileType = image.png; path = splashGear.png; sourceTree = "<group>"; };
		F68BC87921951BED0073125F /* GoogleMaps.framework */ = {isa = PBXFileReference; lastKnownFileType = wrapper.framework; path = GoogleMaps.framework; sourceTree = "<group>"; };
		F68BC87A21951BF10073125F /* GoogleMapsCore.framework */ = {isa = PBXFileReference; lastKnownFileType = wrapper.framework; path = GoogleMapsCore.framework; sourceTree = "<group>"; };
		F68BC87B21951BF30073125F /* GoogleMapsBase.framework */ = {isa = PBXFileReference; lastKnownFileType = wrapper.framework; path = GoogleMapsBase.framework; sourceTree = "<group>"; };
		F68BC88221951CD50073125F /* Accelerate.framework */ = {isa = PBXFileReference; lastKnownFileType = wrapper.framework; name = Accelerate.framework; path = System/Library/Frameworks/Accelerate.framework; sourceTree = SDKROOT; };
		F68BC88421951CE00073125F /* CoreData.framework */ = {isa = PBXFileReference; lastKnownFileType = wrapper.framework; name = CoreData.framework; path = System/Library/Frameworks/CoreData.framework; sourceTree = SDKROOT; };
		F68BC88621951CE90073125F /* CoreGraphics.framework */ = {isa = PBXFileReference; lastKnownFileType = wrapper.framework; name = CoreGraphics.framework; path = System/Library/Frameworks/CoreGraphics.framework; sourceTree = SDKROOT; };
		F68BC88821951CF30073125F /* CoreImage.framework */ = {isa = PBXFileReference; lastKnownFileType = wrapper.framework; name = CoreImage.framework; path = System/Library/Frameworks/CoreImage.framework; sourceTree = SDKROOT; };
		F68BC88A21951CFA0073125F /* CoreLocation.framework */ = {isa = PBXFileReference; lastKnownFileType = wrapper.framework; name = CoreLocation.framework; path = System/Library/Frameworks/CoreLocation.framework; sourceTree = SDKROOT; };
		F68BC88C21951D010073125F /* CoreTelephony.framework */ = {isa = PBXFileReference; lastKnownFileType = wrapper.framework; name = CoreTelephony.framework; path = System/Library/Frameworks/CoreTelephony.framework; sourceTree = SDKROOT; };
		F68BC88E21951D080073125F /* GLKit.framework */ = {isa = PBXFileReference; lastKnownFileType = wrapper.framework; name = GLKit.framework; path = System/Library/Frameworks/GLKit.framework; sourceTree = SDKROOT; };
		F68BC89021951D140073125F /* ImageIO.framework */ = {isa = PBXFileReference; lastKnownFileType = wrapper.framework; name = ImageIO.framework; path = System/Library/Frameworks/ImageIO.framework; sourceTree = SDKROOT; };
		F68BC89221951D260073125F /* libc++.tbd */ = {isa = PBXFileReference; lastKnownFileType = "sourcecode.text-based-dylib-definition"; name = "libc++.tbd"; path = "usr/lib/libc++.tbd"; sourceTree = SDKROOT; };
		F68BC89421951D2F0073125F /* libz.tbd */ = {isa = PBXFileReference; lastKnownFileType = "sourcecode.text-based-dylib-definition"; name = libz.tbd; path = usr/lib/libz.tbd; sourceTree = SDKROOT; };
		F68BC89621951D370073125F /* OpenGLES.framework */ = {isa = PBXFileReference; lastKnownFileType = wrapper.framework; name = OpenGLES.framework; path = System/Library/Frameworks/OpenGLES.framework; sourceTree = SDKROOT; };
		F68BC89821951D3F0073125F /* QuartzCore.framework */ = {isa = PBXFileReference; lastKnownFileType = wrapper.framework; name = QuartzCore.framework; path = System/Library/Frameworks/QuartzCore.framework; sourceTree = SDKROOT; };
		F68BC89A21951D470073125F /* SystemConfiguration.framework */ = {isa = PBXFileReference; lastKnownFileType = wrapper.framework; name = SystemConfiguration.framework; path = System/Library/Frameworks/SystemConfiguration.framework; sourceTree = SDKROOT; };
		F68BC89C21951D4E0073125F /* UIKit.framework */ = {isa = PBXFileReference; lastKnownFileType = wrapper.framework; name = UIKit.framework; path = System/Library/Frameworks/UIKit.framework; sourceTree = SDKROOT; };
		F69A5822219783D600070E26 /* GooglePlaces.framework */ = {isa = PBXFileReference; lastKnownFileType = wrapper.framework; path = GooglePlaces.framework; sourceTree = "<group>"; };
		F69A5824219783F900070E26 /* GooglePlacePicker.framework */ = {isa = PBXFileReference; lastKnownFileType = wrapper.framework; path = GooglePlacePicker.framework; sourceTree = "<group>"; };
/* End PBXFileReference section */

/* Begin PBXFrameworksBuildPhase section */
		F68BC85D21950F930073125F /* Frameworks */ = {
			isa = PBXFrameworksBuildPhase;
			buildActionMask = 2147483647;
			files = (
				F68BC89D21951D4F0073125F /* UIKit.framework in Frameworks */,
				F68BC89B21951D470073125F /* SystemConfiguration.framework in Frameworks */,
				F68BC89921951D3F0073125F /* QuartzCore.framework in Frameworks */,
				F68BC89721951D370073125F /* OpenGLES.framework in Frameworks */,
				F68BC89521951D2F0073125F /* libz.tbd in Frameworks */,
				F68BC89321951D270073125F /* libc++.tbd in Frameworks */,
				F68BC89121951D140073125F /* ImageIO.framework in Frameworks */,
				F68BC88F21951D090073125F /* GLKit.framework in Frameworks */,
				F68BC88D21951D010073125F /* CoreTelephony.framework in Frameworks */,
				F68BC88B21951CFA0073125F /* CoreLocation.framework in Frameworks */,
				F68BC88921951CF30073125F /* CoreImage.framework in Frameworks */,
				F68BC88721951CE90073125F /* CoreGraphics.framework in Frameworks */,
				F68BC88521951CE00073125F /* CoreData.framework in Frameworks */,
				F68BC88321951CD50073125F /* Accelerate.framework in Frameworks */,
				728706FFEB80DC3E9AE86595 /* Pods_iCycle.framework in Frameworks */,
			);
			runOnlyForDeploymentPostprocessing = 0;
		};
/* End PBXFrameworksBuildPhase section */

/* Begin PBXGroup section */
		11EAF8A421B1F9D6004B9AF0 /* Utilities */ = {
			isa = PBXGroup;
			children = (
				11EAF8A521B1FA8D004B9AF0 /* UrlBuilder.swift */,
			);
			path = Utilities;
			sourceTree = "<group>";
		};
		2188321D2195579900F7E9C5 /* Theme */ = {
			isa = PBXGroup;
			children = (
				2188323921955D4600F7E9C5 /* ChameleonShorthand.swift */,
			);
			name = Theme;
			path = iCycle/Theme;
			sourceTree = SOURCE_ROOT;
		};
		2188321E219557B600F7E9C5 /* Models */ = {
			isa = PBXGroup;
			children = (
				2182BD67219A71080024119C /* Route.swift */,
				21610C9B21AE4B6C00275419 /* Node.swift */,
			);
			name = Models;
			path = iCycle/Models;
			sourceTree = SOURCE_ROOT;
		};
		2188321F219557BE00F7E9C5 /* Views */ = {
			isa = PBXGroup;
			children = (
				2188329321958EFC00F7E9C5 /* SideMenuItemTableViewCell.swift */,
				2182BD61219A5BCB0024119C /* RouteTableViewCell.swift */,
			);
			name = Views;
			path = iCycle/Views;
			sourceTree = SOURCE_ROOT;
		};
		21883220219557CE00F7E9C5 /* Controllers */ = {
			isa = PBXGroup;
			children = (
				21A6987121B0BB4400E07322 /* SWRevealViewController.h */,
				21A6987221B0BB4400E07322 /* SWRevealViewController.m */,
				21F416D321979AD400232FAD /* iCycle-Bridging-Header.h */,
				F68BC86521950F930073125F /* MapViewController.swift */,
				2188323B21955E8C00F7E9C5 /* RouteTableViewController.swift */,
				2188323D21955FEA00F7E9C5 /* RouteCreateViewController.swift */,
				21610C9521AE410200275419 /* SelectWaypointViewController.swift */,
				21F416C121977D6700232FAD /* RouteDetailViewController.swift */,
				21F416C721977DA000232FAD /* ProfileViewController.swift */,
				21F416CB21977E1E00232FAD /* BilletTableViewController.swift */,
				21F416CD21977E4200232FAD /* BilletDetailViewController.swift */,
				21F416CF21977E5E00232FAD /* BilletCreateViewController.swift */,
				21F416D121977F9700232FAD /* ProfilePhotoCollectionViewController.swift */,
				21F416D92197C6F100232FAD /* NavMenuTableViewController.swift */,
				B9912FEB21ACEE85001AEAD5 /* LoginViewController.swift */,
				B9912FF121ACEEA8001AEAD5 /* SignUpViewController.swift */,
			);
			name = Controllers;
			path = iCycle/Controllers;
			sourceTree = SOURCE_ROOT;
		};
		2EF7B92B2B3A15D00B3690A9 /* Pods */ = {
			isa = PBXGroup;
			children = (
				AB3C99619A037E21847307F8 /* Pods-iCycle.debug.xcconfig */,
				76B5BCA7786DFBEFBB501AA2 /* Pods-iCycle.release.xcconfig */,
			);
			name = Pods;
			sourceTree = "<group>";
		};
		F68BC85721950F930073125F = {
			isa = PBXGroup;
			children = (
				F68BC875219514AE0073125F /* splashGear.png */,
				F68BC86221950F930073125F /* iCycle */,
				F68BC86121950F930073125F /* Products */,
				F68BC88121951CD50073125F /* Frameworks */,
				2EF7B92B2B3A15D00B3690A9 /* Pods */,
			);
			sourceTree = "<group>";
		};
		F68BC86121950F930073125F /* Products */ = {
			isa = PBXGroup;
			children = (
				F68BC86021950F930073125F /* iCycle.app */,
			);
			name = Products;
			sourceTree = "<group>";
		};
		F68BC86221950F930073125F /* iCycle */ = {
			isa = PBXGroup;
			children = (
				F68BC86321950F930073125F /* AppDelegate.swift */,
				F68BC86C21950FA30073125F /* LaunchScreen.storyboard */,
				F68BC86721950F940073125F /* Main.storyboard */,
				21883220219557CE00F7E9C5 /* Controllers */,
				2188321F219557BE00F7E9C5 /* Views */,
				2188321E219557B600F7E9C5 /* Models */,
				2188321D2195579900F7E9C5 /* Theme */,
				11EAF8A421B1F9D6004B9AF0 /* Utilities */,
				F68BC86A21950FA30073125F /* Assets.xcassets */,
				F68BC86F21950FA30073125F /* Info.plist */,
			);
			path = iCycle;
			sourceTree = "<group>";
		};
		F68BC88121951CD50073125F /* Frameworks */ = {
			isa = PBXGroup;
			children = (
				F69A5824219783F900070E26 /* GooglePlacePicker.framework */,
				F69A5822219783D600070E26 /* GooglePlaces.framework */,
				F68BC87921951BED0073125F /* GoogleMaps.framework */,
				F68BC87B21951BF30073125F /* GoogleMapsBase.framework */,
				F68BC87A21951BF10073125F /* GoogleMapsCore.framework */,
				F68BC89C21951D4E0073125F /* UIKit.framework */,
				F68BC89A21951D470073125F /* SystemConfiguration.framework */,
				F68BC89821951D3F0073125F /* QuartzCore.framework */,
				F68BC89621951D370073125F /* OpenGLES.framework */,
				F68BC89421951D2F0073125F /* libz.tbd */,
				F68BC89221951D260073125F /* libc++.tbd */,
				F68BC89021951D140073125F /* ImageIO.framework */,
				F68BC88E21951D080073125F /* GLKit.framework */,
				F68BC88C21951D010073125F /* CoreTelephony.framework */,
				F68BC88A21951CFA0073125F /* CoreLocation.framework */,
				F68BC88821951CF30073125F /* CoreImage.framework */,
				F68BC88621951CE90073125F /* CoreGraphics.framework */,
				F68BC88421951CE00073125F /* CoreData.framework */,
				F68BC88221951CD50073125F /* Accelerate.framework */,
				5187A9AE605887F2B732F01E /* Pods_iCycle.framework */,
			);
			name = Frameworks;
			sourceTree = "<group>";
		};
/* End PBXGroup section */

/* Begin PBXNativeTarget section */
		F68BC85F21950F930073125F /* iCycle */ = {
			isa = PBXNativeTarget;
			buildConfigurationList = F68BC87221950FA30073125F /* Build configuration list for PBXNativeTarget "iCycle" */;
			buildPhases = (
				1E2A8A9D610A893D3D3A8CFC /* [CP] Check Pods Manifest.lock */,
				F68BC85C21950F930073125F /* Sources */,
				F68BC85D21950F930073125F /* Frameworks */,
				F68BC85E21950F930073125F /* Resources */,
				F69A581921977C7400070E26 /* Embed Frameworks */,
				59181ED7113849A3A80E44AF /* [CP] Embed Pods Frameworks */,
				68FC709ACE982CD6B7E54389 /* [CP] Copy Pods Resources */,
			);
			buildRules = (
			);
			dependencies = (
			);
			name = iCycle;
			productName = iCycle;
			productReference = F68BC86021950F930073125F /* iCycle.app */;
			productType = "com.apple.product-type.application";
		};
/* End PBXNativeTarget section */

/* Begin PBXProject section */
		F68BC85821950F930073125F /* Project object */ = {
			isa = PBXProject;
			attributes = {
				LastSwiftUpdateCheck = 1000;
				LastUpgradeCheck = 1000;
				ORGANIZATIONNAME = "Valentyna Akulova";
				TargetAttributes = {
					F68BC85F21950F930073125F = {
						CreatedOnToolsVersion = 10.0;
						LastSwiftMigration = 1000;
					};
				};
			};
			buildConfigurationList = F68BC85B21950F930073125F /* Build configuration list for PBXProject "iCycle" */;
			compatibilityVersion = "Xcode 9.3";
			developmentRegion = en;
			hasScannedForEncodings = 0;
			knownRegions = (
				en,
				Base,
			);
			mainGroup = F68BC85721950F930073125F;
			productRefGroup = F68BC86121950F930073125F /* Products */;
			projectDirPath = "";
			projectRoot = "";
			targets = (
				F68BC85F21950F930073125F /* iCycle */,
			);
		};
/* End PBXProject section */

/* Begin PBXResourcesBuildPhase section */
		F68BC85E21950F930073125F /* Resources */ = {
			isa = PBXResourcesBuildPhase;
			buildActionMask = 2147483647;
			files = (
				F68BC86E21950FA30073125F /* LaunchScreen.storyboard in Resources */,
				F68BC86B21950FA30073125F /* Assets.xcassets in Resources */,
				F68BC86921950F940073125F /* Main.storyboard in Resources */,
				F68BC876219514AE0073125F /* splashGear.png in Resources */,
			);
			runOnlyForDeploymentPostprocessing = 0;
		};
/* End PBXResourcesBuildPhase section */

/* Begin PBXShellScriptBuildPhase section */
		1E2A8A9D610A893D3D3A8CFC /* [CP] Check Pods Manifest.lock */ = {
			isa = PBXShellScriptBuildPhase;
			buildActionMask = 2147483647;
			files = (
			);
			inputFileListPaths = (
			);
			inputPaths = (
				"${PODS_PODFILE_DIR_PATH}/Podfile.lock",
				"${PODS_ROOT}/Manifest.lock",
			);
			name = "[CP] Check Pods Manifest.lock";
			outputFileListPaths = (
			);
			outputPaths = (
				"$(DERIVED_FILE_DIR)/Pods-iCycle-checkManifestLockResult.txt",
			);
			runOnlyForDeploymentPostprocessing = 0;
			shellPath = /bin/sh;
			shellScript = "diff \"${PODS_PODFILE_DIR_PATH}/Podfile.lock\" \"${PODS_ROOT}/Manifest.lock\" > /dev/null\nif [ $? != 0 ] ; then\n    # print error to STDERR\n    echo \"error: The sandbox is not in sync with the Podfile.lock. Run 'pod install' or update your CocoaPods installation.\" >&2\n    exit 1\nfi\n# This output is used by Xcode 'outputs' to avoid re-running this script phase.\necho \"SUCCESS\" > \"${SCRIPT_OUTPUT_FILE_0}\"\n";
			showEnvVarsInLog = 0;
		};
		59181ED7113849A3A80E44AF /* [CP] Embed Pods Frameworks */ = {
			isa = PBXShellScriptBuildPhase;
			buildActionMask = 2147483647;
			files = (
			);
			inputFileListPaths = (
			);
			inputPaths = (
				"${SRCROOT}/Pods/Target Support Files/Pods-iCycle/Pods-iCycle-frameworks.sh",
				"${BUILT_PRODUCTS_DIR}/Alamofire/Alamofire.framework",
				"${BUILT_PRODUCTS_DIR}/ChameleonFramework/ChameleonFramework.framework",
				"${BUILT_PRODUCTS_DIR}/GTMSessionFetcher/GTMSessionFetcher.framework",
				"${BUILT_PRODUCTS_DIR}/GoogleUtilities/GoogleUtilities.framework",
				"${BUILT_PRODUCTS_DIR}/SwiftyJSON/SwiftyJSON.framework",
				"${BUILT_PRODUCTS_DIR}/nanopb/nanopb.framework",
			);
			name = "[CP] Embed Pods Frameworks";
			outputFileListPaths = (
			);
			outputPaths = (
				"${TARGET_BUILD_DIR}/${FRAMEWORKS_FOLDER_PATH}/Alamofire.framework",
				"${TARGET_BUILD_DIR}/${FRAMEWORKS_FOLDER_PATH}/ChameleonFramework.framework",
				"${TARGET_BUILD_DIR}/${FRAMEWORKS_FOLDER_PATH}/GTMSessionFetcher.framework",
				"${TARGET_BUILD_DIR}/${FRAMEWORKS_FOLDER_PATH}/GoogleUtilities.framework",
				"${TARGET_BUILD_DIR}/${FRAMEWORKS_FOLDER_PATH}/SwiftyJSON.framework",
				"${TARGET_BUILD_DIR}/${FRAMEWORKS_FOLDER_PATH}/nanopb.framework",
			);
			runOnlyForDeploymentPostprocessing = 0;
			shellPath = /bin/sh;
			shellScript = "\"${SRCROOT}/Pods/Target Support Files/Pods-iCycle/Pods-iCycle-frameworks.sh\"\n";
			showEnvVarsInLog = 0;
		};
		68FC709ACE982CD6B7E54389 /* [CP] Copy Pods Resources */ = {
			isa = PBXShellScriptBuildPhase;
			buildActionMask = 2147483647;
			files = (
			);
			inputFileListPaths = (
			);
			inputPaths = (
				"${SRCROOT}/Pods/Target Support Files/Pods-iCycle/Pods-iCycle-resources.sh",
				"${PODS_ROOT}/GoogleMaps/Maps/Frameworks/GoogleMaps.framework/Resources/GoogleMaps.bundle",
				"${PODS_ROOT}/GooglePlaces/Frameworks/GooglePlaces.framework/Resources/GooglePlaces.bundle",
			);
			name = "[CP] Copy Pods Resources";
			outputFileListPaths = (
			);
			outputPaths = (
				"${TARGET_BUILD_DIR}/${UNLOCALIZED_RESOURCES_FOLDER_PATH}/GoogleMaps.bundle",
				"${TARGET_BUILD_DIR}/${UNLOCALIZED_RESOURCES_FOLDER_PATH}/GooglePlaces.bundle",
			);
			runOnlyForDeploymentPostprocessing = 0;
			shellPath = /bin/sh;
			shellScript = "\"${SRCROOT}/Pods/Target Support Files/Pods-iCycle/Pods-iCycle-resources.sh\"\n";
			showEnvVarsInLog = 0;
		};
/* End PBXShellScriptBuildPhase section */

/* Begin PBXSourcesBuildPhase section */
		F68BC85C21950F930073125F /* Sources */ = {
			isa = PBXSourcesBuildPhase;
			buildActionMask = 2147483647;
			files = (
				2188329421958EFC00F7E9C5 /* SideMenuItemTableViewCell.swift in Sources */,
				21610C9621AE410200275419 /* SelectWaypointViewController.swift in Sources */,
				21F416CC21977E1E00232FAD /* BilletTableViewController.swift in Sources */,
				2188323A21955D4600F7E9C5 /* ChameleonShorthand.swift in Sources */,
				21F416D221977F9700232FAD /* ProfilePhotoCollectionViewController.swift in Sources */,
				2182BD68219A71080024119C /* Route.swift in Sources */,
				B9912FF221ACEEA8001AEAD5 /* SignUpViewController.swift in Sources */,
				21A6987321B0BB4400E07322 /* SWRevealViewController.m in Sources */,
				F68BC86621950F930073125F /* MapViewController.swift in Sources */,
				21F416DA2197C6F100232FAD /* NavMenuTableViewController.swift in Sources */,
				21F416C221977D6700232FAD /* RouteDetailViewController.swift in Sources */,
				21610C9C21AE4B6C00275419 /* Node.swift in Sources */,
				11EAF8A621B1FA8D004B9AF0 /* UrlBuilder.swift in Sources */,
				F68BC86421950F930073125F /* AppDelegate.swift in Sources */,
				21F416CE21977E4200232FAD /* BilletDetailViewController.swift in Sources */,
				2182BD62219A5BCB0024119C /* RouteTableViewCell.swift in Sources */,
				21F416D021977E5E00232FAD /* BilletCreateViewController.swift in Sources */,
				B9912FEC21ACEE85001AEAD5 /* LoginViewController.swift in Sources */,
				2188323C21955E8C00F7E9C5 /* RouteTableViewController.swift in Sources */,
				21F416C821977DA000232FAD /* ProfileViewController.swift in Sources */,
				2188323E21955FEA00F7E9C5 /* RouteCreateViewController.swift in Sources */,
			);
			runOnlyForDeploymentPostprocessing = 0;
		};
/* End PBXSourcesBuildPhase section */

/* Begin PBXVariantGroup section */
		F68BC86721950F940073125F /* Main.storyboard */ = {
			isa = PBXVariantGroup;
			children = (
				F68BC86821950F940073125F /* Base */,
			);
			name = Main.storyboard;
			path = iCycle;
			sourceTree = SOURCE_ROOT;
		};
		F68BC86C21950FA30073125F /* LaunchScreen.storyboard */ = {
			isa = PBXVariantGroup;
			children = (
				F68BC86D21950FA30073125F /* Base */,
			);
			name = LaunchScreen.storyboard;
			path = iCycle;
			sourceTree = SOURCE_ROOT;
		};
/* End PBXVariantGroup section */

/* Begin XCBuildConfiguration section */
		F68BC87021950FA30073125F /* Debug */ = {
			isa = XCBuildConfiguration;
			buildSettings = {
				ALWAYS_SEARCH_USER_PATHS = NO;
				CLANG_ANALYZER_NONNULL = YES;
				CLANG_ANALYZER_NUMBER_OBJECT_CONVERSION = YES_AGGRESSIVE;
				CLANG_CXX_LANGUAGE_STANDARD = "gnu++14";
				CLANG_CXX_LIBRARY = "libc++";
				CLANG_ENABLE_MODULES = YES;
				CLANG_ENABLE_OBJC_ARC = YES;
				CLANG_ENABLE_OBJC_WEAK = YES;
				CLANG_WARN_BLOCK_CAPTURE_AUTORELEASING = YES;
				CLANG_WARN_BOOL_CONVERSION = YES;
				CLANG_WARN_COMMA = YES;
				CLANG_WARN_CONSTANT_CONVERSION = YES;
				CLANG_WARN_DEPRECATED_OBJC_IMPLEMENTATIONS = YES;
				CLANG_WARN_DIRECT_OBJC_ISA_USAGE = YES_ERROR;
				CLANG_WARN_DOCUMENTATION_COMMENTS = YES;
				CLANG_WARN_EMPTY_BODY = YES;
				CLANG_WARN_ENUM_CONVERSION = YES;
				CLANG_WARN_INFINITE_RECURSION = YES;
				CLANG_WARN_INT_CONVERSION = YES;
				CLANG_WARN_NON_LITERAL_NULL_CONVERSION = YES;
				CLANG_WARN_OBJC_IMPLICIT_RETAIN_SELF = YES;
				CLANG_WARN_OBJC_LITERAL_CONVERSION = YES;
				CLANG_WARN_OBJC_ROOT_CLASS = YES_ERROR;
				CLANG_WARN_RANGE_LOOP_ANALYSIS = YES;
				CLANG_WARN_STRICT_PROTOTYPES = YES;
				CLANG_WARN_SUSPICIOUS_MOVE = YES;
				CLANG_WARN_UNGUARDED_AVAILABILITY = YES_AGGRESSIVE;
				CLANG_WARN_UNREACHABLE_CODE = YES;
				CLANG_WARN__DUPLICATE_METHOD_MATCH = YES;
				CODE_SIGN_IDENTITY = "iPhone Developer";
				COPY_PHASE_STRIP = NO;
				DEBUG_INFORMATION_FORMAT = dwarf;
				ENABLE_STRICT_OBJC_MSGSEND = YES;
				ENABLE_TESTABILITY = YES;
				GCC_C_LANGUAGE_STANDARD = gnu11;
				GCC_DYNAMIC_NO_PIC = NO;
				GCC_NO_COMMON_BLOCKS = YES;
				GCC_OPTIMIZATION_LEVEL = 0;
				GCC_PREPROCESSOR_DEFINITIONS = (
					"DEBUG=1",
					"$(inherited)",
				);
				GCC_WARN_64_TO_32_BIT_CONVERSION = YES;
				GCC_WARN_ABOUT_RETURN_TYPE = YES_ERROR;
				GCC_WARN_UNDECLARED_SELECTOR = YES;
				GCC_WARN_UNINITIALIZED_AUTOS = YES_AGGRESSIVE;
				GCC_WARN_UNUSED_FUNCTION = YES;
				GCC_WARN_UNUSED_VARIABLE = YES;
				IPHONEOS_DEPLOYMENT_TARGET = 12.0;
				MTL_ENABLE_DEBUG_INFO = INCLUDE_SOURCE;
				MTL_FAST_MATH = YES;
				ONLY_ACTIVE_ARCH = YES;
				SDKROOT = iphoneos;
				SWIFT_ACTIVE_COMPILATION_CONDITIONS = DEBUG;
				SWIFT_OPTIMIZATION_LEVEL = "-Onone";
			};
			name = Debug;
		};
		F68BC87121950FA30073125F /* Release */ = {
			isa = XCBuildConfiguration;
			buildSettings = {
				ALWAYS_SEARCH_USER_PATHS = NO;
				CLANG_ANALYZER_NONNULL = YES;
				CLANG_ANALYZER_NUMBER_OBJECT_CONVERSION = YES_AGGRESSIVE;
				CLANG_CXX_LANGUAGE_STANDARD = "gnu++14";
				CLANG_CXX_LIBRARY = "libc++";
				CLANG_ENABLE_MODULES = YES;
				CLANG_ENABLE_OBJC_ARC = YES;
				CLANG_ENABLE_OBJC_WEAK = YES;
				CLANG_WARN_BLOCK_CAPTURE_AUTORELEASING = YES;
				CLANG_WARN_BOOL_CONVERSION = YES;
				CLANG_WARN_COMMA = YES;
				CLANG_WARN_CONSTANT_CONVERSION = YES;
				CLANG_WARN_DEPRECATED_OBJC_IMPLEMENTATIONS = YES;
				CLANG_WARN_DIRECT_OBJC_ISA_USAGE = YES_ERROR;
				CLANG_WARN_DOCUMENTATION_COMMENTS = YES;
				CLANG_WARN_EMPTY_BODY = YES;
				CLANG_WARN_ENUM_CONVERSION = YES;
				CLANG_WARN_INFINITE_RECURSION = YES;
				CLANG_WARN_INT_CONVERSION = YES;
				CLANG_WARN_NON_LITERAL_NULL_CONVERSION = YES;
				CLANG_WARN_OBJC_IMPLICIT_RETAIN_SELF = YES;
				CLANG_WARN_OBJC_LITERAL_CONVERSION = YES;
				CLANG_WARN_OBJC_ROOT_CLASS = YES_ERROR;
				CLANG_WARN_RANGE_LOOP_ANALYSIS = YES;
				CLANG_WARN_STRICT_PROTOTYPES = YES;
				CLANG_WARN_SUSPICIOUS_MOVE = YES;
				CLANG_WARN_UNGUARDED_AVAILABILITY = YES_AGGRESSIVE;
				CLANG_WARN_UNREACHABLE_CODE = YES;
				CLANG_WARN__DUPLICATE_METHOD_MATCH = YES;
				CODE_SIGN_IDENTITY = "iPhone Developer";
				COPY_PHASE_STRIP = NO;
				DEBUG_INFORMATION_FORMAT = "dwarf-with-dsym";
				ENABLE_NS_ASSERTIONS = NO;
				ENABLE_STRICT_OBJC_MSGSEND = YES;
				GCC_C_LANGUAGE_STANDARD = gnu11;
				GCC_NO_COMMON_BLOCKS = YES;
				GCC_WARN_64_TO_32_BIT_CONVERSION = YES;
				GCC_WARN_ABOUT_RETURN_TYPE = YES_ERROR;
				GCC_WARN_UNDECLARED_SELECTOR = YES;
				GCC_WARN_UNINITIALIZED_AUTOS = YES_AGGRESSIVE;
				GCC_WARN_UNUSED_FUNCTION = YES;
				GCC_WARN_UNUSED_VARIABLE = YES;
				IPHONEOS_DEPLOYMENT_TARGET = 12.0;
				MTL_ENABLE_DEBUG_INFO = NO;
				MTL_FAST_MATH = YES;
				SDKROOT = iphoneos;
				SWIFT_COMPILATION_MODE = wholemodule;
				SWIFT_OPTIMIZATION_LEVEL = "-O";
				VALIDATE_PRODUCT = YES;
			};
			name = Release;
		};
		F68BC87321950FA30073125F /* Debug */ = {
			isa = XCBuildConfiguration;
			baseConfigurationReference = AB3C99619A037E21847307F8 /* Pods-iCycle.debug.xcconfig */;
			buildSettings = {
				ASSETCATALOG_COMPILER_APPICON_NAME = AppIcon;
				CLANG_ENABLE_MODULES = YES;
				CODE_SIGN_STYLE = Automatic;
				DEVELOPMENT_TEAM = 6X5B26J782;
				FRAMEWORK_SEARCH_PATHS = (
					"$(inherited)",
					"$(PROJECT_DIR)",
				);
				INFOPLIST_FILE = iCycle/Info.plist;
				LD_RUNPATH_SEARCH_PATHS = (
					"$(inherited)",
					"@executable_path/Frameworks",
				);
				PRODUCT_BUNDLE_IDENTIFIER = ca.uregina.455.akulova.iCycle;
				PRODUCT_NAME = "$(TARGET_NAME)";
				SWIFT_OBJC_BRIDGING_HEADER = "iCycle/Controllers/iCycle-Bridging-Header.h";
				SWIFT_OPTIMIZATION_LEVEL = "-Onone";
				SWIFT_VERSION = 4.2;
				TARGETED_DEVICE_FAMILY = "1,2";
			};
			name = Debug;
		};
		F68BC87421950FA30073125F /* Release */ = {
			isa = XCBuildConfiguration;
			baseConfigurationReference = 76B5BCA7786DFBEFBB501AA2 /* Pods-iCycle.release.xcconfig */;
			buildSettings = {
				ASSETCATALOG_COMPILER_APPICON_NAME = AppIcon;
				CLANG_ENABLE_MODULES = YES;
				CODE_SIGN_STYLE = Automatic;
				DEVELOPMENT_TEAM = 6X5B26J782;
				FRAMEWORK_SEARCH_PATHS = (
					"$(inherited)",
					"$(PROJECT_DIR)",
				);
				INFOPLIST_FILE = iCycle/Info.plist;
				LD_RUNPATH_SEARCH_PATHS = (
					"$(inherited)",
					"@executable_path/Frameworks",
				);
				PRODUCT_BUNDLE_IDENTIFIER = ca.uregina.455.akulova.iCycle;
				PRODUCT_NAME = "$(TARGET_NAME)";
				SWIFT_OBJC_BRIDGING_HEADER = "iCycle/Controllers/iCycle-Bridging-Header.h";
				SWIFT_VERSION = 4.2;
				TARGETED_DEVICE_FAMILY = "1,2";
			};
			name = Release;
		};
/* End XCBuildConfiguration section */

/* Begin XCConfigurationList section */
		F68BC85B21950F930073125F /* Build configuration list for PBXProject "iCycle" */ = {
			isa = XCConfigurationList;
			buildConfigurations = (
				F68BC87021950FA30073125F /* Debug */,
				F68BC87121950FA30073125F /* Release */,
			);
			defaultConfigurationIsVisible = 0;
			defaultConfigurationName = Release;
		};
		F68BC87221950FA30073125F /* Build configuration list for PBXNativeTarget "iCycle" */ = {
			isa = XCConfigurationList;
			buildConfigurations = (
				F68BC87321950FA30073125F /* Debug */,
				F68BC87421950FA30073125F /* Release */,
			);
			defaultConfigurationIsVisible = 0;
			defaultConfigurationName = Release;
		};
/* End XCConfigurationList section */
	};
	rootObject = F68BC85821950F930073125F /* Project object */;
}
